
Microsoft Visual Studio Solution File, Format Version 12.00
# Visual Studio Version 16
VisualStudioVersion = 16.0.30907.101
MinimumVisualStudioVersion = 10.0.40219.1
Project("{FAE04EC0-301F-11D3-BF4B-00C04F79EFBC}") = "TaoBaoWebApi", "TaoBaoWebApi.csproj", "{9A1AE9C8-FA2A-499C-A45A-36EC2DF0CBB2}"
EndProject
Project("{FAE04EC0-301F-11D3-BF4B-00C04F79EFBC}") = "TaoBao.Common", "TaoBao.Common\TaoBao.Common.csproj", "{9D17094C-4B45-4476-B522-FC875852BD55}"
EndProject
Global
	GlobalSection(SolutionConfigurationPlatforms) = preSolution
		Debug|Any CPU = Debug|Any CPU
		Release|Any CPU = Release|Any CPU
	EndGlobalSection
	GlobalSection(ProjectConfigurationPlatforms) = postSolution
		{9A1AE9C8-FA2A-499C-A45A-36EC2DF0CBB2}.Debug|Any CPU.ActiveCfg = Debug|Any CPU
		{9A1AE9C8-FA2A-499C-A45A-36EC2DF0CBB2}.Debug|Any CPU.Build.0 = Debug|Any CPU
		{9A1AE9C8-FA2A-499C-A45A-36EC2DF0CBB2}.Release|Any CPU.ActiveCfg = Release|Any CPU
		{9A1AE9C8-FA2A-499C-A45A-36EC2DF0CBB2}.Release|Any CPU.Build.0 = Release|Any CPU
		{9D17094C-4B45-4476-B522-FC875852BD55}.Debug|Any CPU.ActiveCfg = Debug|Any CPU
		{9D17094C-4B45-4476-B522-FC875852BD55}.Debug|Any CPU.Build.0 = Debug|Any CPU
		{9D17094C-4B45-4476-B522-FC875852BD55}.Release|Any CPU.ActiveCfg = Release|Any CPU
		{9D17094C-4B45-4476-B522-FC875852BD55}.Release|Any CPU.Build.0 = Release|Any CPU
	EndGlobalSection
	GlobalSection(SolutionProperties) = preSolution
		HideSolutionNode = FALSE
	EndGlobalSection
	GlobalSection(ExtensibilityGlobals) = postSolution
		SolutionGuid = {142696D4-180C-4F5D-B6BB-A531193407AE}
	EndGlobalSection
EndGlobal
